
Microsoft Visual Studio Solution File, Format Version 12.00
# Visual Studio Version 16
VisualStudioVersion = 16.0.28803.202
MinimumVisualStudioVersion = 10.0.40219.1
Project("{9A19103F-16F7-4668-BE54-9A1E7A4F7556}") = "Challenge.Chatroom", "Challenge.Chatroom\Challenge.Chatroom.csproj", "{BED0F4C6-6F3A-4F0C-A6DB-FA04C6EFA44B}"
EndProject
Project("{FAE04EC0-301F-11D3-BF4B-00C04F79EFBC}") = "BotApplication", "BotService\BotApplication.csproj", "{603B242B-4D48-49B7-A904-5E9C80895C0E}"
EndProject
Global
	GlobalSection(SolutionConfigurationPlatforms) = preSolution
		Debug|Any CPU = Debug|Any CPU
		Release|Any CPU = Release|Any CPU
	EndGlobalSection
	GlobalSection(ProjectConfigurationPlatforms) = postSolution
		{BED0F4C6-6F3A-4F0C-A6DB-FA04C6EFA44B}.Debug|Any CPU.ActiveCfg = Debug|Any CPU
		{BED0F4C6-6F3A-4F0C-A6DB-FA04C6EFA44B}.Debug|Any CPU.Build.0 = Debug|Any CPU
		{BED0F4C6-6F3A-4F0C-A6DB-FA04C6EFA44B}.Release|Any CPU.ActiveCfg = Release|Any CPU
		{BED0F4C6-6F3A-4F0C-A6DB-FA04C6EFA44B}.Release|Any CPU.Build.0 = Release|Any CPU
		{603B242B-4D48-49B7-A904-5E9C80895C0E}.Debug|Any CPU.ActiveCfg = Debug|Any CPU
		{603B242B-4D48-49B7-A904-5E9C80895C0E}.Debug|Any CPU.Build.0 = Debug|Any CPU
		{603B242B-4D48-49B7-A904-5E9C80895C0E}.Release|Any CPU.ActiveCfg = Release|Any CPU
		{603B242B-4D48-49B7-A904-5E9C80895C0E}.Release|Any CPU.Build.0 = Release|Any CPU
	EndGlobalSection
	GlobalSection(SolutionProperties) = preSolution
		HideSolutionNode = FALSE
	EndGlobalSection
	GlobalSection(ExtensibilityGlobals) = postSolution
		SolutionGuid = {1141C0E3-C8F9-4200-ABCA-EB5FF0E31EC2}
	EndGlobalSection
EndGlobal
